
Microsoft Visual Studio Solution File, Format Version 12.00
# Visual Studio Version 17
VisualStudioVersion = 17.14.37111.16 d17.14
MinimumVisualStudioVersion = 10.0.40219.1
Project("{FAE04EC0-301F-11D3-BF4B-00C04F79EFBC}") = "MinecraftPickaces", "MinecraftPickaces\MinecraftPickaces.csproj", "{F088A968-85F3-4341-BDFD-292840E2ED8A}"
EndProject
Global
	GlobalSection(SolutionConfigurationPlatforms) = preSolution
		Debug|Any CPU = Debug|Any CPU
		Release|Any CPU = Release|Any CPU
	EndGlobalSection
	GlobalSection(ProjectConfigurationPlatforms) = postSolution
		{F088A968-85F3-4341-BDFD-292840E2ED8A}.Debug|Any CPU.ActiveCfg = Debug|Any CPU
		{F088A968-85F3-4341-BDFD-292840E2ED8A}.Debug|Any CPU.Build.0 = Debug|Any CPU
		{F088A968-85F3-4341-BDFD-292840E2ED8A}.Release|Any CPU.ActiveCfg = Release|Any CPU
		{F088A968-85F3-4341-BDFD-292840E2ED8A}.Release|Any CPU.Build.0 = Release|Any CPU
	EndGlobalSection
	GlobalSection(SolutionProperties) = preSolution
		HideSolutionNode = FALSE
	EndGlobalSection
	GlobalSection(ExtensibilityGlobals) = postSolution
		SolutionGuid = {FCB010E6-7174-48DC-8E8C-FA55B961C715}
	EndGlobalSection
EndGlobal
