
Microsoft Visual Studio Solution File, Format Version 12.00
# Visual Studio Version 17
VisualStudioVersion = 17.14.37216.2 d17.14
MinimumVisualStudioVersion = 10.0.40219.1
Project("{FAE04EC0-301F-11D3-BF4B-00C04F79EFBC}") = "Rekenmachine", "Rekenmachine\Rekenmachine.csproj", "{BFB5A7AD-8E91-4F87-8900-EB207092FBB2}"
EndProject
Global
	GlobalSection(SolutionConfigurationPlatforms) = preSolution
		Debug|Any CPU = Debug|Any CPU
		Release|Any CPU = Release|Any CPU
	EndGlobalSection
	GlobalSection(ProjectConfigurationPlatforms) = postSolution
		{BFB5A7AD-8E91-4F87-8900-EB207092FBB2}.Debug|Any CPU.ActiveCfg = Debug|Any CPU
		{BFB5A7AD-8E91-4F87-8900-EB207092FBB2}.Debug|Any CPU.Build.0 = Debug|Any CPU
		{BFB5A7AD-8E91-4F87-8900-EB207092FBB2}.Release|Any CPU.ActiveCfg = Release|Any CPU
		{BFB5A7AD-8E91-4F87-8900-EB207092FBB2}.Release|Any CPU.Build.0 = Release|Any CPU
	EndGlobalSection
	GlobalSection(SolutionProperties) = preSolution
		HideSolutionNode = FALSE
	EndGlobalSection
	GlobalSection(ExtensibilityGlobals) = postSolution
		SolutionGuid = {0114127E-A862-4443-900A-16981B42EDA3}
	EndGlobalSection
EndGlobal
