
Microsoft Visual Studio Solution File, Format Version 12.00
# Visual Studio Version 17
VisualStudioVersion = 17.14.37216.2 d17.14
MinimumVisualStudioVersion = 10.0.40219.1
Project("{FAE04EC0-301F-11D3-BF4B-00C04F79EFBC}") = "FahrenheitToCelsius", "FahrenheitToCelsius\FahrenheitToCelsius.csproj", "{93F1B667-DAC3-497E-82E7-7B1D3A1C7367}"
EndProject
Global
	GlobalSection(SolutionConfigurationPlatforms) = preSolution
		Debug|Any CPU = Debug|Any CPU
		Release|Any CPU = Release|Any CPU
	EndGlobalSection
	GlobalSection(ProjectConfigurationPlatforms) = postSolution
		{93F1B667-DAC3-497E-82E7-7B1D3A1C7367}.Debug|Any CPU.ActiveCfg = Debug|Any CPU
		{93F1B667-DAC3-497E-82E7-7B1D3A1C7367}.Debug|Any CPU.Build.0 = Debug|Any CPU
		{93F1B667-DAC3-497E-82E7-7B1D3A1C7367}.Release|Any CPU.ActiveCfg = Release|Any CPU
		{93F1B667-DAC3-497E-82E7-7B1D3A1C7367}.Release|Any CPU.Build.0 = Release|Any CPU
	EndGlobalSection
	GlobalSection(SolutionProperties) = preSolution
		HideSolutionNode = FALSE
	EndGlobalSection
	GlobalSection(ExtensibilityGlobals) = postSolution
		SolutionGuid = {D82967F1-E3EE-4A95-9F14-4DF87495FE43}
	EndGlobalSection
EndGlobal
