
Microsoft Visual Studio Solution File, Format Version 12.00
# Visual Studio Version 17
VisualStudioVersion = 17.14.37111.16 d17.14
MinimumVisualStudioVersion = 10.0.40219.1
Project("{FAE04EC0-301F-11D3-BF4B-00C04F79EFBC}") = "KmToMiles", "KmToMiles\KmToMiles.csproj", "{325DEF75-33F2-41F6-BB6B-8BE33034D342}"
EndProject
Global
	GlobalSection(SolutionConfigurationPlatforms) = preSolution
		Debug|Any CPU = Debug|Any CPU
		Release|Any CPU = Release|Any CPU
	EndGlobalSection
	GlobalSection(ProjectConfigurationPlatforms) = postSolution
		{325DEF75-33F2-41F6-BB6B-8BE33034D342}.Debug|Any CPU.ActiveCfg = Debug|Any CPU
		{325DEF75-33F2-41F6-BB6B-8BE33034D342}.Debug|Any CPU.Build.0 = Debug|Any CPU
		{325DEF75-33F2-41F6-BB6B-8BE33034D342}.Release|Any CPU.ActiveCfg = Release|Any CPU
		{325DEF75-33F2-41F6-BB6B-8BE33034D342}.Release|Any CPU.Build.0 = Release|Any CPU
	EndGlobalSection
	GlobalSection(SolutionProperties) = preSolution
		HideSolutionNode = FALSE
	EndGlobalSection
	GlobalSection(ExtensibilityGlobals) = postSolution
		SolutionGuid = {9B23B622-9C9D-4138-B8D2-01DAD818B110}
	EndGlobalSection
EndGlobal
